
Microsoft Visual Studio Solution File, Format Version 12.00
# Visual Studio Version 17
VisualStudioVersion = 17.7.34221.43
MinimumVisualStudioVersion = 10.0.40219.1
Project("{FAE04EC0-301F-11D3-BF4B-00C04F79EFBC}") = "Console_Bricadeira_Git_Dois", "Console_Bricadeira_Git_Dois\Console_Bricadeira_Git_Dois.csproj", "{C18BDA77-5EB9-414C-BB71-2E96A4FB87EA}"
EndProject
Global
	GlobalSection(SolutionConfigurationPlatforms) = preSolution
		Debug|Any CPU = Debug|Any CPU
		Release|Any CPU = Release|Any CPU
	EndGlobalSection
	GlobalSection(ProjectConfigurationPlatforms) = postSolution
		{C18BDA77-5EB9-414C-BB71-2E96A4FB87EA}.Debug|Any CPU.ActiveCfg = Debug|Any CPU
		{C18BDA77-5EB9-414C-BB71-2E96A4FB87EA}.Debug|Any CPU.Build.0 = Debug|Any CPU
		{C18BDA77-5EB9-414C-BB71-2E96A4FB87EA}.Release|Any CPU.ActiveCfg = Release|Any CPU
		{C18BDA77-5EB9-414C-BB71-2E96A4FB87EA}.Release|Any CPU.Build.0 = Release|Any CPU
	EndGlobalSection
	GlobalSection(SolutionProperties) = preSolution
		HideSolutionNode = FALSE
	EndGlobalSection
	GlobalSection(ExtensibilityGlobals) = postSolution
		SolutionGuid = {6160F80C-9F68-45B1-85ED-CCAA14EB9FF6}
	EndGlobalSection
EndGlobal
